{
  "version": 4,
  "terraform_version": "1.7.4",
  "serial": 22,
  "lineage": "beaf6dc4-2426-5240-17ca-7ba458229ad0",
  "outputs": {},
  "resources": [
    {
      "mode": "managed",
      "type": "kubectl_manifest",
      "name": "this_service_account",
      "provider": "provider[\"registry.terraform.io/gavinbunney/kubectl\"]",
      "instances": [
        {
          "schema_version": 1,
          "attributes": {
            "api_version": "v1",
            "apply_only": false,
            "force_conflicts": false,
            "force_new": false,
            "id": "/api/v1/namespaces/default/serviceaccounts/tf-eks",
            "ignore_fields": null,
            "kind": "ServiceAccount",
            "live_manifest_incluster": "e707cb40b8a2286edc97a941bf46cea91d45e5190dfe58dcf50d78af8f5493ae",
            "live_uid": "93d44f84-8750-4a67-b900-b7c85d58c190",
            "name": "tf-eks",
            "namespace": null,
            "override_namespace": null,
            "sensitive_fields": null,
            "server_side_apply": false,
            "timeouts": null,
            "uid": "93d44f84-8750-4a67-b900-b7c85d58c190",
            "validate_schema": true,
            "wait": null,
            "wait_for_rollout": true,
            "yaml_body": "    apiVersion: v1\n    kind: ServiceAccount\n    metadata:\n      name: tf-eks\n      region: us-east-1\n    iam:\n      withOIDC: true\n      serviceAccounts:\n      - metadata:\n          name: cliente-001\n          namespace: small-clients\n          labels: {small_clients: cliente-001 }\n",
            "yaml_body_parsed": "apiVersion: v1\niam:\n  serviceAccounts:\n  - metadata:\n      labels:\n        small_clients: cliente-001\n      name: cliente-001\n      namespace: small-clients\n  withOIDC: true\nkind: ServiceAccount\nmetadata:\n  name: tf-eks\n  region: us-east-1\n",
            "yaml_incluster": "e707cb40b8a2286edc97a941bf46cea91d45e5190dfe58dcf50d78af8f5493ae"
          },
          "sensitive_attributes": [],
          "private": "eyJlMmJmYjczMC1lY2FhLTExZTYtOGY4OC0zNDM2M2JjN2M0YzAiOnsiY3JlYXRlIjo2MDAwMDAwMDAwMDB9LCJzY2hlbWFfdmVyc2lvbiI6IjEifQ=="
        }
      ]
    },
    {
      "module": "module.iam_eks_role",
      "mode": "data",
      "type": "aws_caller_identity",
      "name": "current",
      "provider": "provider[\"registry.terraform.io/hashicorp/aws\"]",
      "instances": [
        {
          "schema_version": 0,
          "attributes": {
            "account_id": "381492167245",
            "arn": "arn:aws:sts::381492167245:assumed-role/AWSReservedSSO_AdministratorAccess_c990093e40511e65/igor@ovver.com.br",
            "id": "381492167245",
            "user_id": "AROAVRUVUQJGZAM6DNWCK:igor@ovver.com.br"
          },
          "sensitive_attributes": []
        }
      ]
    },
    {
      "module": "module.iam_eks_role",
      "mode": "data",
      "type": "aws_eks_cluster",
      "name": "main",
      "provider": "provider[\"registry.terraform.io/hashicorp/aws\"]",
      "instances": [
        {
          "index_key": "tf-eks",
          "schema_version": 0,
          "attributes": {
            "access_config": [
              {
                "authentication_mode": "API_AND_CONFIG_MAP",
                "bootstrap_cluster_creator_admin_permissions": true
              }
            ],
            "arn": "arn:aws:eks:us-east-1:381492167245:cluster/tf-eks",
            "certificate_authority": [
              {
                "data": "LS0tLS1CRUdJTiBDRVJUSUZJQ0FURS0tLS0tCk1JSURCVENDQWUyZ0F3SUJBZ0lJUktmcTlraVhZWmd3RFFZSktvWklodmNOQVFFTEJRQXdGVEVUTUJFR0ExVUUKQXhNS2EzVmlaWEp1WlhSbGN6QWVGdzB5TkRFd01qTXhOalUyTURGYUZ3MHpOREV3TWpFeE56QXhNREZhTUJVeApFekFSQmdOVkJBTVRDbXQxWW1WeWJtVjBaWE13Z2dFaU1BMEdDU3FHU0liM0RRRUJBUVVBQTRJQkR3QXdnZ0VLCkFvSUJBUURIRHNCem1vVXEwU1FaMDQ4MWJQc0I0RlRIYVhHQndvU3pTdUlXOGNURUNlR01iWVhFdGgyUmZ4YWMKd2pOY1hrdXdEYllGQjVTK283bEtFRHgzYy9YT3YvRlVnVlZBcDkwMWZlWWxUN2UwTDdZNTlYY2F4MFVWcXRYSgpzSi95b25ZUEd1QjZWcTdFZVJWVEpvaTBXcFNUMEJ4UEJYMDVuTTBEZG9Zb2NwcTNPR1VCY0dTdnoyTUJoVVFRCkRqRVVDUTBpSHlHenBXUGI4RGhrNG80MGk4NHJkOFJBZXFtVVBhVzhCQktKUDRvNks3V1V0VHdkWGM4eGlHbU0KbkJwVy8rb2x5cERSWkZKcmtLcXhCM2lFcnV2bVN6RS82OERsTUJwU1dHRkFIN0lKNWVXNnRXY2psMzNybmhlYQptUzNzOTBlWGhmemU1VGhOekFQSStZSnB2dXpQQWdNQkFBR2pXVEJYTUE0R0ExVWREd0VCL3dRRUF3SUNwREFQCkJnTlZIUk1CQWY4RUJUQURBUUgvTUIwR0ExVWREZ1FXQkJTRWIwM2ZQYk5UcXJGdmNUY3R1eTZBZHdrZkN6QVYKQmdOVkhSRUVEakFNZ2dwcmRXSmxjbTVsZEdWek1BMEdDU3FHU0liM0RRRUJDd1VBQTRJQkFRQ3RjNWRvMStuYgphVUpNdE5PaHh3eW1ZZ2lvLzdyNW1LM1dZLzR6eldZakkvMUp6Q09rS2I2dTF4K3ZjeVRGMWRndGZQRnlYbDgvCmdKN1duNmVNYVI5YVFMcHpCL3dYNmhvZC9Gc3o3Qnlnd2hxZ2NxWEM3bklpamJ2WEdGK2xjMTd0QlpRdGZjWmEKczAwSy9xVWZKZTEzem82RWpTV1BKUUVHVWZpQ0ZBTTV5RTZYMld3NkVvRFdIK2RVWFhqSlFHUFk1eU92cjNNTQpuNnVlRG1MYmZpSEN6MXJnZ3RLeFlTNzhTYjFZV0VVNERWY2Z5S2NMRFNrcDczVHppZXNUbzlBSjVXSWRlWFMrCkxZbUJacSt4RlRKMExBVFliWXJ6NFBoOHk0RHVCMXE3UmJHL0c3OE1VL1h6YytvVEtDbEV5STdUTGo2eUt6aEsKN2VyckVPa1NOT1lMCi0tLS0tRU5EIENFUlRJRklDQVRFLS0tLS0K"
              }
            ],
            "cluster_id": null,
            "created_at": "2024-10-23T16:55:34Z",
            "enabled_cluster_log_types": [
              "api",
              "audit",
              "authenticator"
            ],
            "endpoint": "https://15C9E90AAAA8D2BF56019FBD2AF252EB.gr7.us-east-1.eks.amazonaws.com",
            "id": "tf-eks",
            "identity": [
              {
                "oidc": [
                  {
                    "issuer": "https://oidc.eks.us-east-1.amazonaws.com/id/15C9E90AAAA8D2BF56019FBD2AF252EB"
                  }
                ]
              }
            ],
            "kubernetes_network_config": [
              {
                "ip_family": "ipv4",
                "service_ipv4_cidr": "10.100.0.0/16",
                "service_ipv6_cidr": ""
              }
            ],
            "name": "tf-eks",
            "outpost_config": [],
            "platform_version": "eks.6",
            "role_arn": "arn:aws:iam::381492167245:role/tf-eks-cluster-20241023165507568700000002",
            "status": "ACTIVE",
            "tags": {
              "Created-at": "23 Oct 24 16:55:05",
              "Environment": "testing",
              "Terraform": "true",
              "terraform-aws-modules": "eks"
            },
            "upgrade_policy": [
              {
                "support_type": "EXTENDED"
              }
            ],
            "version": "1.31",
            "vpc_config": [
              {
                "cluster_security_group_id": "sg-07880a0c4c9003a9f",
                "endpoint_private_access": true,
                "endpoint_public_access": true,
                "public_access_cidrs": [
                  "0.0.0.0/0"
                ],
                "security_group_ids": [
                  "sg-053a416b49831f421"
                ],
                "subnet_ids": [
                  "subnet-00a7639317b42f007",
                  "subnet-0a76565b7dbe225c0",
                  "subnet-0f7b62b63dbbe84b0"
                ],
                "vpc_id": "vpc-03ae3f1b9f7028861"
              }
            ]
          },
          "sensitive_attributes": []
        }
      ]
    },
    {
      "module": "module.iam_eks_role",
      "mode": "data",
      "type": "aws_iam_policy_document",
      "name": "assume_role_with_oidc",
      "provider": "provider[\"registry.terraform.io/hashicorp/aws\"]",
      "instances": [
        {
          "schema_version": 0,
          "attributes": {
            "id": "1786552767",
            "json": "{\n  \"Version\": \"2012-10-17\",\n  \"Statement\": [\n    {\n      \"Effect\": \"Allow\",\n      \"Action\": \"sts:AssumeRoleWithWebIdentity\",\n      \"Principal\": {\n        \"Federated\": \"arn:aws:iam::381492167245:oidc-provider/oidc.eks.us-east-1.amazonaws.com/id/15C9E90AAAA8D2BF56019FBD2AF252EB\"\n      },\n      \"Condition\": {\n        \"StringEquals\": {\n          \"oidc.eks.us-east-1.amazonaws.com/id/15C9E90AAAA8D2BF56019FBD2AF252EB:sub\": \"system:serviceaccount:small-clients:cliente-001\"\n        }\n      }\n    }\n  ]\n}",
            "minified_json": "{\"Version\":\"2012-10-17\",\"Statement\":[{\"Effect\":\"Allow\",\"Action\":\"sts:AssumeRoleWithWebIdentity\",\"Principal\":{\"Federated\":\"arn:aws:iam::381492167245:oidc-provider/oidc.eks.us-east-1.amazonaws.com/id/15C9E90AAAA8D2BF56019FBD2AF252EB\"},\"Condition\":{\"StringEquals\":{\"oidc.eks.us-east-1.amazonaws.com/id/15C9E90AAAA8D2BF56019FBD2AF252EB:sub\":\"system:serviceaccount:small-clients:cliente-001\"}}}]}",
            "override_json": null,
            "override_policy_documents": null,
            "policy_id": null,
            "source_json": null,
            "source_policy_documents": null,
            "statement": [
              {
                "actions": [
                  "sts:AssumeRoleWithWebIdentity"
                ],
                "condition": [
                  {
                    "test": "StringEquals",
                    "values": [
                      "system:serviceaccount:small-clients:cliente-001"
                    ],
                    "variable": "oidc.eks.us-east-1.amazonaws.com/id/15C9E90AAAA8D2BF56019FBD2AF252EB:sub"
                  }
                ],
                "effect": "Allow",
                "not_actions": [],
                "not_principals": [],
                "not_resources": [],
                "principals": [
                  {
                    "identifiers": [
                      "arn:aws:iam::381492167245:oidc-provider/oidc.eks.us-east-1.amazonaws.com/id/15C9E90AAAA8D2BF56019FBD2AF252EB"
                    ],
                    "type": "Federated"
                  }
                ],
                "resources": [],
                "sid": ""
              }
            ],
            "version": "2012-10-17"
          },
          "sensitive_attributes": []
        }
      ]
    },
    {
      "module": "module.iam_eks_role",
      "mode": "data",
      "type": "aws_partition",
      "name": "current",
      "provider": "provider[\"registry.terraform.io/hashicorp/aws\"]",
      "instances": [
        {
          "schema_version": 0,
          "attributes": {
            "dns_suffix": "amazonaws.com",
            "id": "aws",
            "partition": "aws",
            "reverse_dns_prefix": "com.amazonaws"
          },
          "sensitive_attributes": []
        }
      ]
    },
    {
      "module": "module.iam_eks_role",
      "mode": "managed",
      "type": "aws_iam_role",
      "name": "this",
      "provider": "provider[\"registry.terraform.io/hashicorp/aws\"]",
      "instances": [
        {
          "index_key": 0,
          "schema_version": 0,
          "attributes": {
            "arn": "arn:aws:iam::381492167245:role/cliente-001-eks-role",
            "assume_role_policy": "{\"Statement\":[{\"Action\":\"sts:AssumeRoleWithWebIdentity\",\"Condition\":{\"StringEquals\":{\"oidc.eks.us-east-1.amazonaws.com/id/15C9E90AAAA8D2BF56019FBD2AF252EB:sub\":\"system:serviceaccount:small-clients:cliente-001\"}},\"Effect\":\"Allow\",\"Principal\":{\"Federated\":\"arn:aws:iam::381492167245:oidc-provider/oidc.eks.us-east-1.amazonaws.com/id/15C9E90AAAA8D2BF56019FBD2AF252EB\"}}],\"Version\":\"2012-10-17\"}",
            "create_date": "2024-10-24T17:03:51Z",
            "description": "",
            "force_detach_policies": false,
            "id": "cliente-001-eks-role",
            "inline_policy": [],
            "managed_policy_arns": [],
            "max_session_duration": 43200,
            "name": "cliente-001-eks-role",
            "name_prefix": "",
            "path": "/",
            "permissions_boundary": "",
            "tags": {
              "Environment": "testing",
              "Terraform": "true"
            },
            "tags_all": {
              "Environment": "testing",
              "Terraform": "true"
            },
            "unique_id": "AROAVRUVUQJGUY6NPWPTW"
          },
          "sensitive_attributes": [],
          "private": "bnVsbA==",
          "dependencies": [
            "module.iam_eks_role.data.aws_caller_identity.current",
            "module.iam_eks_role.data.aws_eks_cluster.main",
            "module.iam_eks_role.data.aws_iam_policy_document.assume_role_with_oidc",
            "module.iam_eks_role.data.aws_partition.current"
          ]
        }
      ]
    },
    {
      "module": "module.iam_eks_role",
      "mode": "managed",
      "type": "aws_iam_role_policy_attachment",
      "name": "this",
      "provider": "provider[\"registry.terraform.io/hashicorp/aws\"]",
      "instances": [
        {
          "index_key": "AmazonEC2ReadOnlyAccess",
          "schema_version": 0,
          "attributes": {
            "id": "cliente-001-eks-role-20241024170351989000000001",
            "policy_arn": "arn:aws:iam::aws:policy/AmazonEC2ReadOnlyAccess",
            "role": "cliente-001-eks-role"
          },
          "sensitive_attributes": [],
          "private": "bnVsbA==",
          "dependencies": [
            "module.iam_eks_role.aws_iam_role.this",
            "module.iam_eks_role.data.aws_caller_identity.current",
            "module.iam_eks_role.data.aws_eks_cluster.main",
            "module.iam_eks_role.data.aws_iam_policy_document.assume_role_with_oidc",
            "module.iam_eks_role.data.aws_partition.current"
          ]
        }
      ]
    }
  ],
  "check_results": null
}
