{
  "version": 4,
  "terraform_version": "1.9.3",
  "serial": 52,
  "lineage": "beaf6dc4-2426-5240-17ca-7ba458229ad0",
  "outputs": {
    "service_account_name": {
      "value": "cliente-001",
      "type": "string"
    }
  },
  "resources": [
    {
      "mode": "managed",
      "type": "kubernetes_service_account",
      "name": "this",
      "provider": "provider[\"registry.terraform.io/hashicorp/kubernetes\"]",
      "instances": [
        {
          "schema_version": 0,
          "attributes": {
            "automount_service_account_token": true,
            "default_secret_name": "",
            "id": "small-clients/cliente-001",
            "image_pull_secret": [],
            "metadata": [
              {
                "annotations": {
                  "eks.amazonaws.com/role-arn": "arn:aws:iam::381492167245:role/cliente-001-eks-role"
                },
                "generate_name": "",
                "generation": 0,
                "labels": null,
                "name": "cliente-001",
                "namespace": "small-clients",
                "resource_version": "11846",
                "uid": "34310a9a-59d2-4973-b7a9-4cf7328cb14d"
              }
            ],
            "secret": [],
            "timeouts": null
          },
          "sensitive_attributes": [],
          "private": "eyJlMmJmYjczMC1lY2FhLTExZTYtOGY4OC0zNDM2M2JjN2M0YzAiOnsiY3JlYXRlIjozMDAwMDAwMDAwMH19",
          "dependencies": [
            "module.iam_eks_role.aws_iam_role.this",
            "module.iam_eks_role.data.aws_caller_identity.current",
            "module.iam_eks_role.data.aws_eks_cluster.main",
            "module.iam_eks_role.data.aws_iam_policy_document.assume_role_with_oidc",
            "module.iam_eks_role.data.aws_partition.current"
          ]
        }
      ]
    },
    {
      "module": "module.iam_eks_role",
      "mode": "data",
      "type": "aws_caller_identity",
      "name": "current",
      "provider": "provider[\"registry.terraform.io/hashicorp/aws\"]",
      "instances": [
        {
          "schema_version": 0,
          "attributes": {
            "account_id": "381492167245",
            "arn": "arn:aws:sts::381492167245:assumed-role/AWSReservedSSO_AdministratorAccess_c990093e40511e65/igor@ovver.com.br",
            "id": "381492167245",
            "user_id": "AROAVRUVUQJGZAM6DNWCK:igor@ovver.com.br"
          },
          "sensitive_attributes": []
        }
      ]
    },
    {
      "module": "module.iam_eks_role",
      "mode": "data",
      "type": "aws_eks_cluster",
      "name": "main",
      "provider": "provider[\"registry.terraform.io/hashicorp/aws\"]",
      "instances": [
        {
          "index_key": "tf-eks",
          "schema_version": 0,
          "attributes": {
            "access_config": [
              {
                "authentication_mode": "API_AND_CONFIG_MAP",
                "bootstrap_cluster_creator_admin_permissions": true
              }
            ],
            "arn": "arn:aws:eks:us-east-1:381492167245:cluster/tf-eks",
            "certificate_authority": [
              {
                "data": "LS0tLS1CRUdJTiBDRVJUSUZJQ0FURS0tLS0tCk1JSURCVENDQWUyZ0F3SUJBZ0lJVFgraHo5RUZhVWN3RFFZSktvWklodmNOQVFFTEJRQXdGVEVUTUJFR0ExVUUKQXhNS2EzVmlaWEp1WlhSbGN6QWVGdzB5TkRFd016RXhNek14TURaYUZ3MHpOREV3TWpreE16TTJNRFphTUJVeApFekFSQmdOVkJBTVRDbXQxWW1WeWJtVjBaWE13Z2dFaU1BMEdDU3FHU0liM0RRRUJBUVVBQTRJQkR3QXdnZ0VLCkFvSUJBUUN2K0ZmQU1zL2tkMjhFaXRFelltTEUwVndSTWg3V3JHcXhlaDFaVkEyMGZvVmpvTjNCbk1PUkR4eU8KalI4eHRxNmFXSWNVSjNHK05EUkZZUHNTc3RiZmdKZkRPSzNLZUxqTU5jS0N4N1R1S0ZMb1JEbmduZEpUNkpDVgozK0wwSmp0a2tTaS9XbDhEMEhkSDRuWmR6ZUVYVHNwWDY4cHhDTm9zU1lzc3R6VzJvdWJVZ2F6MFhKZmdnQmVjCkRvTzR1Qit3djhPMXRpQWswVUM4UlVFRnA1OS9LVDlWdnJjZ0p4RmJBNkRXcDJpM1BLNzVKd3BwblBtSkVDc1QKbzFQMWNubnUzMzRlSE93WXNXUzZzcHRvS1VOMnNDVUpEaWtVRkZTMTdua2RmdC9KWVVTTzVtdXltMUNaOXZWVApsSGE1c0s3T2VOK0xsUUY5U1I0QTY2L29NeVlaQWdNQkFBR2pXVEJYTUE0R0ExVWREd0VCL3dRRUF3SUNwREFQCkJnTlZIUk1CQWY4RUJUQURBUUgvTUIwR0ExVWREZ1FXQkJUU1dpNThPbnhSc2V1M0dZZUVlTzY2bS80VG5UQVYKQmdOVkhSRUVEakFNZ2dwcmRXSmxjbTVsZEdWek1BMEdDU3FHU0liM0RRRUJDd1VBQTRJQkFRQWFHSU5JbGkzcwpHQWY2bDI5YzhOWCtUbXZJNGJua3VvSEVSWTFsM1pleDZlYkpvd1BYb2ljL1ZmMXNZK1RuS1JvQ1ZocHhna3NKCkVJOWtzRnZXV2hFRTM3TkJrM3RKaTl0cUI5Rk9uQ0wraE9MVWxEWUN6dEFtUHlMZzhZTlp3TnMrV09YQ3pvUS8KbXNyOHk5UlFscjdBeXZrcjNTWmpjaTI0RlNYQWoyM1AyZjUwOUdtdWFFQi8rMi83Z1p1MW1aQ0ZPN1Mwa05CMwo2Nit1dnFpeVQyVFRaaDRZR1U2TGJVNkRKNlVyR3pxY1RzczBsMXVVeXFTODJqa3NYWll2c25BdnJVY1J0RWJsCnBkRlpJWmxScGpTUkg5ZHJjRlN2WUh3OHJjS0haY1JHMHdNcDI5cTNWekxaeitySWRGZlJ5WlFha1NjUUlSR0cKUXFJMEU0VlVLQkI4Ci0tLS0tRU5EIENFUlRJRklDQVRFLS0tLS0K"
              }
            ],
            "cluster_id": null,
            "created_at": "2024-10-31T13:31:44Z",
            "enabled_cluster_log_types": [
              "api",
              "audit",
              "authenticator"
            ],
            "endpoint": "https://4FAC4602AB086680DDB427F2E63F4DE5.gr7.us-east-1.eks.amazonaws.com",
            "id": "tf-eks",
            "identity": [
              {
                "oidc": [
                  {
                    "issuer": "https://oidc.eks.us-east-1.amazonaws.com/id/4FAC4602AB086680DDB427F2E63F4DE5"
                  }
                ]
              }
            ],
            "kubernetes_network_config": [
              {
                "ip_family": "ipv4",
                "service_ipv4_cidr": "10.100.0.0/16",
                "service_ipv6_cidr": ""
              }
            ],
            "name": "tf-eks",
            "outpost_config": [],
            "platform_version": "eks.6",
            "role_arn": "arn:aws:iam::381492167245:role/tf-eks-cluster-20241031133116005800000001",
            "status": "ACTIVE",
            "tags": {
              "Created-at": "31 Oct 24 13:31:13",
              "Environment": "testing",
              "Terraform": "true",
              "terraform-aws-modules": "eks"
            },
            "upgrade_policy": [
              {
                "support_type": "EXTENDED"
              }
            ],
            "version": "1.31",
            "vpc_config": [
              {
                "cluster_security_group_id": "sg-0147feaf8ec8d24ed",
                "endpoint_private_access": true,
                "endpoint_public_access": true,
                "public_access_cidrs": [
                  "0.0.0.0/0"
                ],
                "security_group_ids": [
                  "sg-03eb7d2c125ce6a64"
                ],
                "subnet_ids": [
                  "subnet-00a7639317b42f007",
                  "subnet-0a76565b7dbe225c0",
                  "subnet-0f7b62b63dbbe84b0"
                ],
                "vpc_id": "vpc-03ae3f1b9f7028861"
              }
            ]
          },
          "sensitive_attributes": []
        }
      ]
    },
    {
      "module": "module.iam_eks_role",
      "mode": "data",
      "type": "aws_iam_policy_document",
      "name": "assume_role_with_oidc",
      "provider": "provider[\"registry.terraform.io/hashicorp/aws\"]",
      "instances": [
        {
          "schema_version": 0,
          "attributes": {
            "id": "1248233009",
            "json": "{\n  \"Version\": \"2012-10-17\",\n  \"Statement\": [\n    {\n      \"Effect\": \"Allow\",\n      \"Action\": \"sts:AssumeRoleWithWebIdentity\",\n      \"Principal\": {\n        \"Federated\": \"arn:aws:iam::381492167245:oidc-provider/oidc.eks.us-east-1.amazonaws.com/id/4FAC4602AB086680DDB427F2E63F4DE5\"\n      },\n      \"Condition\": {\n        \"StringEquals\": {\n          \"oidc.eks.us-east-1.amazonaws.com/id/4FAC4602AB086680DDB427F2E63F4DE5:sub\": \"system:serviceaccount:small-clients:cliente-001\"\n        }\n      }\n    }\n  ]\n}",
            "minified_json": "{\"Version\":\"2012-10-17\",\"Statement\":[{\"Effect\":\"Allow\",\"Action\":\"sts:AssumeRoleWithWebIdentity\",\"Principal\":{\"Federated\":\"arn:aws:iam::381492167245:oidc-provider/oidc.eks.us-east-1.amazonaws.com/id/4FAC4602AB086680DDB427F2E63F4DE5\"},\"Condition\":{\"StringEquals\":{\"oidc.eks.us-east-1.amazonaws.com/id/4FAC4602AB086680DDB427F2E63F4DE5:sub\":\"system:serviceaccount:small-clients:cliente-001\"}}}]}",
            "override_json": null,
            "override_policy_documents": null,
            "policy_id": null,
            "source_json": null,
            "source_policy_documents": null,
            "statement": [
              {
                "actions": [
                  "sts:AssumeRoleWithWebIdentity"
                ],
                "condition": [
                  {
                    "test": "StringEquals",
                    "values": [
                      "system:serviceaccount:small-clients:cliente-001"
                    ],
                    "variable": "oidc.eks.us-east-1.amazonaws.com/id/4FAC4602AB086680DDB427F2E63F4DE5:sub"
                  }
                ],
                "effect": "Allow",
                "not_actions": [],
                "not_principals": [],
                "not_resources": [],
                "principals": [
                  {
                    "identifiers": [
                      "arn:aws:iam::381492167245:oidc-provider/oidc.eks.us-east-1.amazonaws.com/id/4FAC4602AB086680DDB427F2E63F4DE5"
                    ],
                    "type": "Federated"
                  }
                ],
                "resources": [],
                "sid": ""
              }
            ],
            "version": "2012-10-17"
          },
          "sensitive_attributes": []
        }
      ]
    },
    {
      "module": "module.iam_eks_role",
      "mode": "data",
      "type": "aws_partition",
      "name": "current",
      "provider": "provider[\"registry.terraform.io/hashicorp/aws\"]",
      "instances": [
        {
          "schema_version": 0,
          "attributes": {
            "dns_suffix": "amazonaws.com",
            "id": "aws",
            "partition": "aws",
            "reverse_dns_prefix": "com.amazonaws"
          },
          "sensitive_attributes": []
        }
      ]
    },
    {
      "module": "module.iam_eks_role",
      "mode": "managed",
      "type": "aws_iam_role",
      "name": "this",
      "provider": "provider[\"registry.terraform.io/hashicorp/aws\"]",
      "instances": [
        {
          "index_key": 0,
          "schema_version": 0,
          "attributes": {
            "arn": "arn:aws:iam::381492167245:role/cliente-001-eks-role",
            "assume_role_policy": "{\"Statement\":[{\"Action\":\"sts:AssumeRoleWithWebIdentity\",\"Condition\":{\"StringEquals\":{\"oidc.eks.us-east-1.amazonaws.com/id/4FAC4602AB086680DDB427F2E63F4DE5:sub\":\"system:serviceaccount:small-clients:cliente-001\"}},\"Effect\":\"Allow\",\"Principal\":{\"Federated\":\"arn:aws:iam::381492167245:oidc-provider/oidc.eks.us-east-1.amazonaws.com/id/4FAC4602AB086680DDB427F2E63F4DE5\"}}],\"Version\":\"2012-10-17\"}",
            "create_date": "2024-10-30T17:57:40Z",
            "description": "",
            "force_detach_policies": false,
            "id": "cliente-001-eks-role",
            "inline_policy": [],
            "managed_policy_arns": [
              "arn:aws:iam::aws:policy/AmazonEC2ReadOnlyAccess"
            ],
            "max_session_duration": 43200,
            "name": "cliente-001-eks-role",
            "name_prefix": "",
            "path": "/",
            "permissions_boundary": "",
            "tags": {
              "Environment": "testing",
              "Terraform": "true"
            },
            "tags_all": {
              "Environment": "testing",
              "Terraform": "true"
            },
            "unique_id": "AROAVRUVUQJGZ5NWVV4GL"
          },
          "sensitive_attributes": [],
          "private": "bnVsbA==",
          "dependencies": [
            "module.iam_eks_role.data.aws_caller_identity.current",
            "module.iam_eks_role.data.aws_eks_cluster.main",
            "module.iam_eks_role.data.aws_iam_policy_document.assume_role_with_oidc",
            "module.iam_eks_role.data.aws_partition.current"
          ]
        }
      ]
    },
    {
      "module": "module.iam_eks_role",
      "mode": "managed",
      "type": "aws_iam_role_policy_attachment",
      "name": "this",
      "provider": "provider[\"registry.terraform.io/hashicorp/aws\"]",
      "instances": [
        {
          "index_key": "AmazonEC2ReadOnlyAccess",
          "schema_version": 0,
          "attributes": {
            "id": "cliente-001-eks-role-20241030175741210000000001",
            "policy_arn": "arn:aws:iam::aws:policy/AmazonEC2ReadOnlyAccess",
            "role": "cliente-001-eks-role"
          },
          "sensitive_attributes": [],
          "private": "bnVsbA==",
          "dependencies": [
            "module.iam_eks_role.aws_iam_role.this",
            "module.iam_eks_role.data.aws_caller_identity.current",
            "module.iam_eks_role.data.aws_eks_cluster.main",
            "module.iam_eks_role.data.aws_iam_policy_document.assume_role_with_oidc",
            "module.iam_eks_role.data.aws_partition.current"
          ]
        }
      ]
    }
  ],
  "check_results": null
}
