{
  "version": 4,
  "terraform_version": "1.9.3",
  "serial": 6,
  "lineage": "9a63a22c-bf27-7f05-0e94-5dc12c403491",
  "outputs": {
    "service_account_name": {
      "value": "cliente-001",
      "type": "string"
    }
  },
  "resources": [
    {
      "mode": "managed",
      "type": "kubernetes_manifest",
      "name": "security_group_policy",
      "provider": "provider[\"registry.terraform.io/hashicorp/kubernetes\"]",
      "instances": [
        {
          "schema_version": 1,
          "attributes": {
            "computed_fields": null,
            "field_manager": [],
            "manifest": {
              "value": {
                "apiVersion": "vpcresources.k8s.aws/v1beta1",
                "kind": "SecurityGroupPolicy",
                "metadata": {
                  "name": "cliente-001-sg-policy",
                  "namespace": "small-clients"
                },
                "spec": {
                  "securityGroups": {
                    "groupIds": [
                      "sg-0c1316e6c2a3704cb"
                    ]
                  },
                  "serviceAccountSelector": {
                    "matchLabels": {
                      "small-clients": "cliente-001"
                    }
                  }
                }
              },
              "type": [
                "object",
                {
                  "apiVersion": "string",
                  "kind": "string",
                  "metadata": [
                    "object",
                    {
                      "name": "string",
                      "namespace": "string"
                    }
                  ],
                  "spec": [
                    "object",
                    {
                      "securityGroups": [
                        "object",
                        {
                          "groupIds": [
                            "list",
                            "string"
                          ]
                        }
                      ],
                      "serviceAccountSelector": [
                        "object",
                        {
                          "matchLabels": [
                            "object",
                            {
                              "small-clients": "string"
                            }
                          ]
                        }
                      ]
                    }
                  ]
                }
              ]
            },
            "object": {
              "value": {
                "apiVersion": "vpcresources.k8s.aws/v1beta1",
                "kind": "SecurityGroupPolicy",
                "metadata": {
                  "annotations": null,
                  "creationTimestamp": null,
                  "deletionGracePeriodSeconds": null,
                  "deletionTimestamp": null,
                  "finalizers": null,
                  "generateName": null,
                  "generation": null,
                  "labels": null,
                  "managedFields": null,
                  "name": "cliente-001-sg-policy",
                  "namespace": "small-clients",
                  "ownerReferences": null,
                  "resourceVersion": null,
                  "selfLink": null,
                  "uid": null
                },
                "spec": {
                  "podSelector": {
                    "matchExpressions": null,
                    "matchLabels": null
                  },
                  "securityGroups": {
                    "groupIds": [
                      "sg-0c1316e6c2a3704cb"
                    ]
                  },
                  "serviceAccountSelector": {
                    "matchExpressions": null,
                    "matchLabels": {
                      "small-clients": "cliente-001"
                    }
                  }
                }
              },
              "type": [
                "object",
                {
                  "apiVersion": "string",
                  "kind": "string",
                  "metadata": [
                    "object",
                    {
                      "annotations": [
                        "map",
                        "string"
                      ],
                      "creationTimestamp": "string",
                      "deletionGracePeriodSeconds": "number",
                      "deletionTimestamp": "string",
                      "finalizers": [
                        "list",
                        "string"
                      ],
                      "generateName": "string",
                      "generation": "number",
                      "labels": [
                        "map",
                        "string"
                      ],
                      "managedFields": [
                        "tuple",
                        [
                          [
                            "object",
                            {
                              "apiVersion": "string",
                              "fieldsType": "string",
                              "fieldsV1": "dynamic",
                              "manager": "string",
                              "operation": "string",
                              "subresource": "string",
                              "time": "string"
                            }
                          ]
                        ]
                      ],
                      "name": "string",
                      "namespace": "string",
                      "ownerReferences": [
                        "list",
                        [
                          "object",
                          {
                            "apiVersion": "string",
                            "blockOwnerDeletion": "bool",
                            "controller": "bool",
                            "kind": "string",
                            "name": "string",
                            "uid": "string"
                          }
                        ]
                      ],
                      "resourceVersion": "string",
                      "selfLink": "string",
                      "uid": "string"
                    }
                  ],
                  "spec": [
                    "object",
                    {
                      "podSelector": [
                        "object",
                        {
                          "matchExpressions": [
                            "list",
                            [
                              "object",
                              {
                                "key": "string",
                                "operator": "string",
                                "values": [
                                  "list",
                                  "string"
                                ]
                              }
                            ]
                          ],
                          "matchLabels": [
                            "map",
                            "string"
                          ]
                        }
                      ],
                      "securityGroups": [
                        "object",
                        {
                          "groupIds": [
                            "list",
                            "string"
                          ]
                        }
                      ],
                      "serviceAccountSelector": [
                        "object",
                        {
                          "matchExpressions": [
                            "list",
                            [
                              "object",
                              {
                                "key": "string",
                                "operator": "string",
                                "values": [
                                  "list",
                                  "string"
                                ]
                              }
                            ]
                          ],
                          "matchLabels": [
                            "map",
                            "string"
                          ]
                        }
                      ]
                    }
                  ]
                }
              ]
            },
            "timeouts": [],
            "wait": [],
            "wait_for": null
          },
          "sensitive_attributes": []
        }
      ]
    },
    {
      "mode": "managed",
      "type": "kubernetes_service_account",
      "name": "this",
      "provider": "provider[\"registry.terraform.io/hashicorp/kubernetes\"]",
      "instances": [
        {
          "schema_version": 0,
          "attributes": {
            "automount_service_account_token": true,
            "default_secret_name": "",
            "id": "small-clients/cliente-001",
            "image_pull_secret": [],
            "metadata": [
              {
                "annotations": {
                  "eks.amazonaws.com/role-arn": "arn:aws:iam::381492167245:role/cliente-001-eks-role"
                },
                "generate_name": "",
                "generation": 0,
                "labels": {
                  "small-clients": "cliente-001"
                },
                "name": "cliente-001",
                "namespace": "small-clients",
                "resource_version": "18640",
                "uid": "0b9466d7-1ec3-450a-8f2c-f585feab79c4"
              }
            ],
            "secret": [],
            "timeouts": null
          },
          "sensitive_attributes": [],
          "private": "eyJlMmJmYjczMC1lY2FhLTExZTYtOGY4OC0zNDM2M2JjN2M0YzAiOnsiY3JlYXRlIjozMDAwMDAwMDAwMH19",
          "dependencies": [
            "module.iam_eks_role.aws_iam_role.this",
            "module.iam_eks_role.data.aws_caller_identity.current",
            "module.iam_eks_role.data.aws_eks_cluster.main",
            "module.iam_eks_role.data.aws_iam_policy_document.assume_role_with_oidc",
            "module.iam_eks_role.data.aws_partition.current"
          ]
        }
      ]
    },
    {
      "module": "module.iam_eks_role",
      "mode": "data",
      "type": "aws_caller_identity",
      "name": "current",
      "provider": "provider[\"registry.terraform.io/hashicorp/aws\"]",
      "instances": [
        {
          "schema_version": 0,
          "attributes": {
            "account_id": "381492167245",
            "arn": "arn:aws:sts::381492167245:assumed-role/AWSReservedSSO_AdministratorAccess_c990093e40511e65/igor@ovver.com.br",
            "id": "381492167245",
            "user_id": "AROAVRUVUQJGZAM6DNWCK:igor@ovver.com.br"
          },
          "sensitive_attributes": []
        }
      ]
    },
    {
      "module": "module.iam_eks_role",
      "mode": "data",
      "type": "aws_eks_cluster",
      "name": "main",
      "provider": "provider[\"registry.terraform.io/hashicorp/aws\"]",
      "instances": [
        {
          "index_key": "tf-eks",
          "schema_version": 0,
          "attributes": {
            "access_config": [
              {
                "authentication_mode": "API_AND_CONFIG_MAP",
                "bootstrap_cluster_creator_admin_permissions": true
              }
            ],
            "arn": "arn:aws:eks:us-east-1:381492167245:cluster/tf-eks",
            "certificate_authority": [
              {
                "data": "LS0tLS1CRUdJTiBDRVJUSUZJQ0FURS0tLS0tCk1JSURCVENDQWUyZ0F3SUJBZ0lJS2FVVldZRDJPVkF3RFFZSktvWklodmNOQVFFTEJRQXdGVEVUTUJFR0ExVUUKQXhNS2EzVmlaWEp1WlhSbGN6QWVGdzB5TkRFd016QXhOakF5TVRkYUZ3MHpOREV3TWpneE5qQTNNVGRhTUJVeApFekFSQmdOVkJBTVRDbXQxWW1WeWJtVjBaWE13Z2dFaU1BMEdDU3FHU0liM0RRRUJBUVVBQTRJQkR3QXdnZ0VLCkFvSUJBUURYdEJXM1Y1VEpFSjhJZkZtaFgyeXludjhwQ1crQXJCNFRNdGV2RWRoa1F6Y1U0bGxvQkxQeVFEQ2EKd3d6NzNzZkJBMFNFUWNab3FOZGxPZEpYS3dUZXFGMXNjRm9sOFhvTUZyVU05WWdPMXBlOUI0V0ZqZ1Vsd2FHUgo4emVBbGtBVDVEMkdObkdXaVlvR2hFNEtGYU5KdE42UmtaN2U5VzBuMGo4dE1SdTFQaDNBcDhxdVpmZktpQVhRCjdZRnFWQzEyTG1HREVFckNlRnhITy9XY21WWkFpbXlMeTJwUFAwYXg0OWlpNi93RmUvenBxeUJSZGxndWE0ZkgKa0s2UTNsc3hIckg4Kzk4TE9xTG9oVEdpTXpNUC81QXZ5MDhRZFpRMXlkL0lRVm5LM0hYZ29xMUM0QUMrVUFiQgpqS1J6cXIvUVZvR2hjUkJFcGpIeGpPK2ZibXlUQWdNQkFBR2pXVEJYTUE0R0ExVWREd0VCL3dRRUF3SUNwREFQCkJnTlZIUk1CQWY4RUJUQURBUUgvTUIwR0ExVWREZ1FXQkJRNU5UZjRWU3JKS0pGWFQyb1VpZklWUm9JWjdUQVYKQmdOVkhSRUVEakFNZ2dwcmRXSmxjbTVsZEdWek1BMEdDU3FHU0liM0RRRUJDd1VBQTRJQkFRQURVUUxaV0JpMwpaUzFpN0laSDhOQnZVVFpPT3hKdEt6bWI0aHB1QmhtZ2ltcUh1SUFMUEc5akNrcEJvOWs4K2NwZkIwdEFOR3IxCjB6NHNSREV6UGVCSUdTOFpjcVVuVVU4a3lEMDVGNm04Qm0xd2p2LzU1MkVjT2lqeEEyTlN2Vlk5MThCUW5WRFMKYUEwZzhyb0ZGTk82UTlpcEdETTJFVENqTEdXeHRjd2JDMjlNODJlZnBkdTl4RDdzcGs4ejRzZGJFSlRQeWZiVQphSzJxTjBDUHMvSGNTbm91cVdHQjVjSUhzZU5nTDBRc2d1SWFSelJTd1VxOUFMdEpOclJvWmRRWXRETUZ5Rnh4ClhGNk9IdENoZDJockZlTFdFVHNzbmNVN2JZZVN5aVJOUjFxd0hQVzhKZ0VOZDRsWmNDSEdLTjZrcFp6NlFaam0KUmFlUmpoNmJnOVFNCi0tLS0tRU5EIENFUlRJRklDQVRFLS0tLS0K"
              }
            ],
            "cluster_id": null,
            "created_at": "2024-10-30T16:02:15Z",
            "enabled_cluster_log_types": [
              "api",
              "audit",
              "authenticator"
            ],
            "endpoint": "https://3F859B347FD8177FB4BAA7D635C8780C.gr7.us-east-1.eks.amazonaws.com",
            "id": "tf-eks",
            "identity": [
              {
                "oidc": [
                  {
                    "issuer": "https://oidc.eks.us-east-1.amazonaws.com/id/3F859B347FD8177FB4BAA7D635C8780C"
                  }
                ]
              }
            ],
            "kubernetes_network_config": [
              {
                "ip_family": "ipv4",
                "service_ipv4_cidr": "10.100.0.0/16",
                "service_ipv6_cidr": ""
              }
            ],
            "name": "tf-eks",
            "outpost_config": [],
            "platform_version": "eks.6",
            "role_arn": "arn:aws:iam::381492167245:role/tf-eks-cluster-20241030160147053400000001",
            "status": "ACTIVE",
            "tags": {
              "Created-at": "30 Oct 24 16:28:17",
              "Environment": "testing",
              "Terraform": "true",
              "terraform-aws-modules": "eks"
            },
            "upgrade_policy": [
              {
                "support_type": "EXTENDED"
              }
            ],
            "version": "1.31",
            "vpc_config": [
              {
                "cluster_security_group_id": "sg-07268e0856954c77e",
                "endpoint_private_access": true,
                "endpoint_public_access": true,
                "public_access_cidrs": [
                  "0.0.0.0/0"
                ],
                "security_group_ids": [
                  "sg-0ff38defc4cc581ce"
                ],
                "subnet_ids": [
                  "subnet-00a7639317b42f007",
                  "subnet-0a76565b7dbe225c0",
                  "subnet-0f7b62b63dbbe84b0"
                ],
                "vpc_id": "vpc-03ae3f1b9f7028861"
              }
            ]
          },
          "sensitive_attributes": []
        }
      ]
    },
    {
      "module": "module.iam_eks_role",
      "mode": "data",
      "type": "aws_iam_policy_document",
      "name": "assume_role_with_oidc",
      "provider": "provider[\"registry.terraform.io/hashicorp/aws\"]",
      "instances": [
        {
          "schema_version": 0,
          "attributes": {
            "id": "803856423",
            "json": "{\n  \"Version\": \"2012-10-17\",\n  \"Statement\": [\n    {\n      \"Effect\": \"Allow\",\n      \"Action\": \"sts:AssumeRoleWithWebIdentity\",\n      \"Principal\": {\n        \"Federated\": \"arn:aws:iam::381492167245:oidc-provider/oidc.eks.us-east-1.amazonaws.com/id/3F859B347FD8177FB4BAA7D635C8780C\"\n      },\n      \"Condition\": {\n        \"StringEquals\": {\n          \"oidc.eks.us-east-1.amazonaws.com/id/3F859B347FD8177FB4BAA7D635C8780C:sub\": \"system:serviceaccount:small-clients:cliente-001\"\n        }\n      }\n    }\n  ]\n}",
            "minified_json": "{\"Version\":\"2012-10-17\",\"Statement\":[{\"Effect\":\"Allow\",\"Action\":\"sts:AssumeRoleWithWebIdentity\",\"Principal\":{\"Federated\":\"arn:aws:iam::381492167245:oidc-provider/oidc.eks.us-east-1.amazonaws.com/id/3F859B347FD8177FB4BAA7D635C8780C\"},\"Condition\":{\"StringEquals\":{\"oidc.eks.us-east-1.amazonaws.com/id/3F859B347FD8177FB4BAA7D635C8780C:sub\":\"system:serviceaccount:small-clients:cliente-001\"}}}]}",
            "override_json": null,
            "override_policy_documents": null,
            "policy_id": null,
            "source_json": null,
            "source_policy_documents": null,
            "statement": [
              {
                "actions": [
                  "sts:AssumeRoleWithWebIdentity"
                ],
                "condition": [
                  {
                    "test": "StringEquals",
                    "values": [
                      "system:serviceaccount:small-clients:cliente-001"
                    ],
                    "variable": "oidc.eks.us-east-1.amazonaws.com/id/3F859B347FD8177FB4BAA7D635C8780C:sub"
                  }
                ],
                "effect": "Allow",
                "not_actions": [],
                "not_principals": [],
                "not_resources": [],
                "principals": [
                  {
                    "identifiers": [
                      "arn:aws:iam::381492167245:oidc-provider/oidc.eks.us-east-1.amazonaws.com/id/3F859B347FD8177FB4BAA7D635C8780C"
                    ],
                    "type": "Federated"
                  }
                ],
                "resources": [],
                "sid": ""
              }
            ],
            "version": "2012-10-17"
          },
          "sensitive_attributes": []
        }
      ]
    },
    {
      "module": "module.iam_eks_role",
      "mode": "data",
      "type": "aws_partition",
      "name": "current",
      "provider": "provider[\"registry.terraform.io/hashicorp/aws\"]",
      "instances": [
        {
          "schema_version": 0,
          "attributes": {
            "dns_suffix": "amazonaws.com",
            "id": "aws",
            "partition": "aws",
            "reverse_dns_prefix": "com.amazonaws"
          },
          "sensitive_attributes": []
        }
      ]
    },
    {
      "module": "module.iam_eks_role",
      "mode": "managed",
      "type": "aws_iam_role",
      "name": "this",
      "provider": "provider[\"registry.terraform.io/hashicorp/aws\"]",
      "instances": [
        {
          "index_key": 0,
          "schema_version": 0,
          "attributes": {
            "arn": "arn:aws:iam::381492167245:role/cliente-001-eks-role",
            "assume_role_policy": "{\"Statement\":[{\"Action\":\"sts:AssumeRoleWithWebIdentity\",\"Condition\":{\"StringEquals\":{\"oidc.eks.us-east-1.amazonaws.com/id/3F859B347FD8177FB4BAA7D635C8780C:sub\":\"system:serviceaccount:small-clients:cliente-001\"}},\"Effect\":\"Allow\",\"Principal\":{\"Federated\":\"arn:aws:iam::381492167245:oidc-provider/oidc.eks.us-east-1.amazonaws.com/id/3F859B347FD8177FB4BAA7D635C8780C\"}}],\"Version\":\"2012-10-17\"}",
            "create_date": "2024-10-30T17:53:34Z",
            "description": "",
            "force_detach_policies": false,
            "id": "cliente-001-eks-role",
            "inline_policy": [],
            "managed_policy_arns": [],
            "max_session_duration": 43200,
            "name": "cliente-001-eks-role",
            "name_prefix": "",
            "path": "/",
            "permissions_boundary": "",
            "tags": {
              "Environment": "testing",
              "Terraform": "true"
            },
            "tags_all": {
              "Environment": "testing",
              "Terraform": "true"
            },
            "unique_id": "AROAVRUVUQJGQFH24GV5O"
          },
          "sensitive_attributes": [],
          "private": "bnVsbA==",
          "dependencies": [
            "module.iam_eks_role.data.aws_caller_identity.current",
            "module.iam_eks_role.data.aws_eks_cluster.main",
            "module.iam_eks_role.data.aws_iam_policy_document.assume_role_with_oidc",
            "module.iam_eks_role.data.aws_partition.current"
          ]
        }
      ]
    },
    {
      "module": "module.iam_eks_role",
      "mode": "managed",
      "type": "aws_iam_role_policy_attachment",
      "name": "this",
      "provider": "provider[\"registry.terraform.io/hashicorp/aws\"]",
      "instances": [
        {
          "index_key": "AmazonEC2ReadOnlyAccess",
          "schema_version": 0,
          "attributes": {
            "id": "cliente-001-eks-role-20241030175335370100000001",
            "policy_arn": "arn:aws:iam::aws:policy/AmazonEC2ReadOnlyAccess",
            "role": "cliente-001-eks-role"
          },
          "sensitive_attributes": [],
          "private": "bnVsbA==",
          "dependencies": [
            "module.iam_eks_role.aws_iam_role.this",
            "module.iam_eks_role.data.aws_caller_identity.current",
            "module.iam_eks_role.data.aws_eks_cluster.main",
            "module.iam_eks_role.data.aws_iam_policy_document.assume_role_with_oidc",
            "module.iam_eks_role.data.aws_partition.current"
          ]
        }
      ]
    }
  ],
  "check_results": null
}
